<Solution>
  <Folder Name="/src/">
    <Project Path="src/LupiraCalApi.Core/LupiraCalApi.Core.csproj" />
    <Project Path="src/LupiraCalApi/LupiraCalApi.csproj" />
  </Folder>
  <Folder Name="/tests/">
    <Project Path="tests/LupiraCalApi.Core.Tests/LupiraCalApi.Core.Tests.csproj" />
    <Project Path="tests/LupiraCalApi.Server.Tests/LupiraCalApi.Server.Tests.csproj" />
  </Folder>
</Solution>
